// !$*UTF8*$!
{
	archiveVersion = 1;
	classes = {
	};
	objectVersion = 46;
	objects = {

/* Begin PBXBuildFile section */
		F4EDFDF01DBD40A600929ACB /* AppDelegate.swift in Sources */ = {isa = PBXBuildFile; fileRef = F4EDFDEF1DBD40A600929ACB /* AppDelegate.swift */; };
		F4EDFDF21DBD40A600929ACB /* ViewController.swift in Sources */ = {isa = PBXBuildFile; fileRef = F4EDFDF11DBD40A600929ACB /* ViewController.swift */; };
		F4EDFDF51DBD40A600929ACB /* Main.storyboard in Resources */ = {isa = PBXBuildFile; fileRef = F4EDFDF31DBD40A600929ACB /* Main.storyboard */; };
		F4EDFDF71DBD40A600929ACB /* Assets.xcassets in Resources */ = {isa = PBXBuildFile; fileRef = F4EDFDF61DBD40A600929ACB /* Assets.xcassets */; };
		F4EDFDFA1DBD40A600929ACB /* LaunchScreen.storyboard in Resources */ = {isa = PBXBuildFile; fileRef = F4EDFDF81DBD40A600929ACB /* LaunchScreen.storyboard */; };
/* End PBXBuildFile section */

/* Begin PBXFileReference section */
		F4EDFDEC1DBD40A600929ACB /* WorldTrotter.app */ = {isa = PBXFileReference; explicitFileType = wrapper.application; includeInIndex = 0; path = WorldTrotter.app; sourceTree = BUILT_PRODUCTS_DIR; };
		F4EDFDEF1DBD40A600929ACB /* AppDelegate.swift */ = {isa = PBXFileReference; lastKnownFileType = sourcecode.swift; path = AppDelegate.swift; sourceTree = "<group>"; };
		F4EDFDF11DBD40A600929ACB /* ViewController.swift */ = {isa = PBXFileReference; lastKnownFileType = sourcecode.swift; path = ViewController.swift; sourceTree = "<group>"; };
		F4EDFDF41DBD40A600929ACB /* Base */ = {isa = PBXFileReference; lastKnownFileType = file.storyboard; name = Base; path = Base.lproj/Main.storyboard; sourceTree = "<group>"; };
		F4EDFDF61DBD40A600929ACB /* Assets.xcassets */ = {isa = PBXFileReference; lastKnownFileType = folder.assetcatalog; path = Assets.xcassets; sourceTree = "<group>"; };
		F4EDFDF91DBD40A600929ACB /* Base */ = {isa = PBXFileReference; lastKnownFileType = file.storyboard; name = Base; path = Base.lproj/LaunchScreen.storyboard; sourceTree = "<group>"; };
		F4EDFDFB1DBD40A600929ACB /* Info.plist */ = {isa = PBXFileReference; lastKnownFileType = text.plist.xml; path = Info.plist; sourceTree = "<group>"; };
/* End PBXFileReference section */

/* Begin PBXFrameworksBuildPhase section */
		F4EDFDE91DBD40A600929ACB /* Frameworks */ = {
			isa = PBXFrameworksBuildPhase;
			buildActionMask = 2147483647;
			files = (
			);
			runOnlyForDeploymentPostprocessing = 0;
		};
/* End PBXFrameworksBuildPhase section */

/* Begin PBXGroup section */
		F4EDFDE31DBD40A600929ACB = {
			isa = PBXGroup;
			children = (
				F4EDFDEE1DBD40A600929ACB /* WorldTrotter */,
				F4EDFDED1DBD40A600929ACB /* Products */,
			);
			sourceTree = "<group>";
		};
		F4EDFDED1DBD40A600929ACB /* Products */ = {
			isa = PBXGroup;
			children = (
				F4EDFDEC1DBD40A600929ACB /* WorldTrotter.app */,
			);
			name = Products;
			sourceTree = "<group>";
		};
		F4EDFDEE1DBD40A600929ACB /* WorldTrotter */ = {
			isa = PBXGroup;
			children = (
				F4EDFDEF1DBD40A600929ACB /* AppDelegate.swift */,
				F4EDFDF11DBD40A600929ACB /* ViewController.swift */,
				F4EDFDF31DBD40A600929ACB /* Main.storyboard */,
				F4EDFDF61DBD40A600929ACB /* Assets.xcassets */,
				F4EDFDF81DBD40A600929ACB /* LaunchScreen.storyboard */,
				F4EDFDFB1DBD40A600929ACB /* Info.plist */,
			);
			path = WorldTrotter;
			sourceTree = "<group>";
		};
/* End PBXGroup section */

/* Begin PBXNativeTarget section */
		F4EDFDEB1DBD40A600929ACB /* WorldTrotter */ = {
			isa = PBXNativeTarget;
			buildConfigurationList = F4EDFDFE1DBD40A600929ACB /* Build configuration list for PBXNativeTarget "WorldTrotter" */;
			buildPhases = (
				F4EDFDE81DBD40A600929ACB /* Sources */,
				F4EDFDE91DBD40A600929ACB /* Frameworks */,
				F4EDFDEA1DBD40A600929ACB /* Resources */,
			);
			buildRules = (
			);
			dependencies = (
			);
			name = WorldTrotter;
			productName = WorldTrotter;
			productReference = F4EDFDEC1DBD40A600929ACB /* WorldTrotter.app */;
			productType = "com.apple.product-type.application";
		};
/* End PBXNativeTarget section */

/* Begin PBXProject section */
		F4EDFDE41DBD40A600929ACB /* Project object */ = {
			isa = PBXProject;
			attributes = {
				LastSwiftUpdateCheck = 0720;
				LastUpgradeCheck = 0720;
				ORGANIZATIONNAME = "Bhairavi Chandersekhar";
				TargetAttributes = {
					F4EDFDEB1DBD40A600929ACB = {
						CreatedOnToolsVersion = 7.2;
					};
				};
			};
			buildConfigurationList = F4EDFDE71DBD40A600929ACB /* Build configuration list for PBXProject "WorldTrotter" */;
			compatibilityVersion = "Xcode 3.2";
			developmentRegion = English;
			hasScannedForEncodings = 0;
			knownRegions = (
				en,
				Base,
			);
			mainGroup = F4EDFDE31DBD40A600929ACB;
			productRefGroup = F4EDFDED1DBD40A600929ACB /* Products */;
			projectDirPath = "";
			projectRoot = "";
			targets = (
				F4EDFDEB1DBD40A600929ACB /* WorldTrotter */,
			);
		};
/* End PBXProject section */

/* Begin PBXResourcesBuildPhase section */
		F4EDFDEA1DBD40A600929ACB /* Resources */ = {
			isa = PBXResourcesBuildPhase;
			buildActionMask = 2147483647;
			files = (
				F4EDFDFA1DBD40A600929ACB /* LaunchScreen.storyboard in Resources */,
				F4EDFDF71DBD40A600929ACB /* Assets.xcassets in Resources */,
				F4EDFDF51DBD40A600929ACB /* Main.storyboard in Resources */,
			);
			runOnlyForDeploymentPostprocessing = 0;
		};
/* End PBXResourcesBuildPhase section */

/* Begin PBXSourcesBuildPhase section */
		F4EDFDE81DBD40A600929ACB /* Sources */ = {
			isa = PBXSourcesBuildPhase;
			buildActionMask = 2147483647;
			files = (
				F4EDFDF21DBD40A600929ACB /* ViewController.swift in Sources */,
				F4EDFDF01DBD40A600929ACB /* AppDelegate.swift in Sources */,
			);
			runOnlyForDeploymentPostprocessing = 0;
		};
/* End PBXSourcesBuildPhase section */

/* Begin PBXVariantGroup section */
		F4EDFDF31DBD40A600929ACB /* Main.storyboard */ = {
			isa = PBXVariantGroup;
			children = (
				F4EDFDF41DBD40A600929ACB /* Base */,
			);
			name = Main.storyboard;
			sourceTree = "<group>";
		};
		F4EDFDF81DBD40A600929ACB /* LaunchScreen.storyboard */ = {
			isa = PBXVariantGroup;
			children = (
				F4EDFDF91DBD40A600929ACB /* Base */,
			);
			name = LaunchScreen.storyboard;
			sourceTree = "<group>";
		};
/* End PBXVariantGroup section */

/* Begin XCBuildConfiguration section */
		F4EDFDFC1DBD40A600929ACB /* Debug */ = {
			isa = XCBuildConfiguration;
			buildSettings = {
				ALWAYS_SEARCH_USER_PATHS = NO;
				CLANG_CXX_LANGUAGE_STANDARD = "gnu++0x";
				CLANG_CXX_LIBRARY = "libc++";
				CLANG_ENABLE_MODULES = YES;
				CLANG_ENABLE_OBJC_ARC = YES;
				CLANG_WARN_BOOL_CONVERSION = YES;
				CLANG_WARN_CONSTANT_CONVERSION = YES;
				CLANG_WARN_DIRECT_OBJC_ISA_USAGE = YES_ERROR;
				CLANG_WARN_EMPTY_BODY = YES;
				CLANG_WARN_ENUM_CONVERSION = YES;
				CLANG_WARN_INT_CONVERSION = YES;
				CLANG_WARN_OBJC_ROOT_CLASS = YES_ERROR;
				CLANG_WARN_UNREACHABLE_CODE = YES;
				CLANG_WARN__DUPLICATE_METHOD_MATCH = YES;
				"CODE_SIGN_IDENTITY[sdk=iphoneos*]" = "iPhone Developer";
				COPY_PHASE_STRIP = NO;
				DEBUG_INFORMATION_FORMAT = dwarf;
				ENABLE_STRICT_OBJC_MSGSEND = YES;
				ENABLE_TESTABILITY = YES;
				GCC_C_LANGUAGE_STANDARD = gnu99;
				GCC_DYNAMIC_NO_PIC = NO;
				GCC_NO_COMMON_BLOCKS = YES;
				GCC_OPTIMIZATION_LEVEL = 0;
				GCC_PREPROCESSOR_DEFINITIONS = (
					"DEBUG=1",
					"$(inherited)",
				);
				GCC_WARN_64_TO_32_BIT_CONVERSION = YES;
				GCC_WARN_ABOUT_RETURN_TYPE = YES_ERROR;
				GCC_WARN_UNDECLARED_SELECTOR = YES;
				GCC_WARN_UNINITIALIZED_AUTOS = YES_AGGRESSIVE;
				GCC_WARN_UNUSED_FUNCTION = YES;
				GCC_WARN_UNUSED_VARIABLE = YES;
				IPHONEOS_DEPLOYMENT_TARGET = 9.2;
				MTL_ENABLE_DEBUG_INFO = YES;
				ONLY_ACTIVE_ARCH = YES;
				SDKROOT = iphoneos;
				SWIFT_OPTIMIZATION_LEVEL = "-Onone";
			};
			name = Debug;
		};
		F4EDFDFD1DBD40A600929ACB /* Release */ = {
			isa = XCBuildConfiguration;
			buildSettings = {
				ALWAYS_SEARCH_USER_PATHS = NO;
				CLANG_CXX_LANGUAGE_STANDARD = "gnu++0x";
				CLANG_CXX_LIBRARY = "libc++";
				CLANG_ENABLE_MODULES = YES;
				CLANG_ENABLE_OBJC_ARC = YES;
				CLANG_WARN_BOOL_CONVERSION = YES;
				CLANG_WARN_CONSTANT_CONVERSION = YES;
				CLANG_WARN_DIRECT_OBJC_ISA_USAGE = YES_ERROR;
				CLANG_WARN_EMPTY_BODY = YES;
				CLANG_WARN_ENUM_CONVERSION = YES;
				CLANG_WARN_INT_CONVERSION = YES;
				CLANG_WARN_OBJC_ROOT_CLASS = YES_ERROR;
				CLANG_WARN_UNREACHABLE_CODE = YES;
				CLANG_WARN__DUPLICATE_METHOD_MATCH = YES;
				"CODE_SIGN_IDENTITY[sdk=iphoneos*]" = "iPhone Developer";
				COPY_PHASE_STRIP = NO;
				DEBUG_INFORMATION_FORMAT = "dwarf-with-dsym";
				ENABLE_NS_ASSERTIONS = NO;
				ENABLE_STRICT_OBJC_MSGSEND = YES;
				GCC_C_LANGUAGE_STANDARD = gnu99;
				GCC_NO_COMMON_BLOCKS = YES;
				GCC_WARN_64_TO_32_BIT_CONVERSION = YES;
				GCC_WARN_ABOUT_RETURN_TYPE = YES_ERROR;
				GCC_WARN_UNDECLARED_SELECTOR = YES;
				GCC_WARN_UNINITIALIZED_AUTOS = YES_AGGRESSIVE;
				GCC_WARN_UNUSED_FUNCTION = YES;
				GCC_WARN_UNUSED_VARIABLE = YES;
				IPHONEOS_DEPLOYMENT_TARGET = 9.2;
				MTL_ENABLE_DEBUG_INFO = NO;
				SDKROOT = iphoneos;
				VALIDATE_PRODUCT = YES;
			};
			name = Release;
		};
		F4EDFDFF1DBD40A600929ACB /* Debug */ = {
			isa = XCBuildConfiguration;
			buildSettings = {
				ASSETCATALOG_COMPILER_APPICON_NAME = AppIcon;
				INFOPLIST_FILE = WorldTrotter/Info.plist;
				LD_RUNPATH_SEARCH_PATHS = "$(inherited) @executable_path/Frameworks";
				PRODUCT_BUNDLE_IDENTIFIER = com.pravaah.bhairavi.WorldTrotter;
				PRODUCT_NAME = "$(TARGET_NAME)";
			};
			name = Debug;
		};
		F4EDFE001DBD40A600929ACB /* Release */ = {
			isa = XCBuildConfiguration;
			buildSettings = {
				ASSETCATALOG_COMPILER_APPICON_NAME = AppIcon;
				INFOPLIST_FILE = WorldTrotter/Info.plist;
				LD_RUNPATH_SEARCH_PATHS = "$(inherited) @executable_path/Frameworks";
				PRODUCT_BUNDLE_IDENTIFIER = com.pravaah.bhairavi.WorldTrotter;
				PRODUCT_NAME = "$(TARGET_NAME)";
			};
			name = Release;
		};
/* End XCBuildConfiguration section */

/* Begin XCConfigurationList section */
		F4EDFDE71DBD40A600929ACB /* Build configuration list for PBXProject "WorldTrotter" */ = {
			isa = XCConfigurationList;
			buildConfigurations = (
				F4EDFDFC1DBD40A600929ACB /* Debug */,
				F4EDFDFD1DBD40A600929ACB /* Release */,
			);
			defaultConfigurationIsVisible = 0;
			defaultConfigurationName = Release;
		};
		F4EDFDFE1DBD40A600929ACB /* Build configuration list for PBXNativeTarget "WorldTrotter" */ = {
			isa = XCConfigurationList;
			buildConfigurations = (
				F4EDFDFF1DBD40A600929ACB /* Debug */,
				F4EDFE001DBD40A600929ACB /* Release */,
			);
			defaultConfigurationIsVisible = 0;
		};
/* End XCConfigurationList section */
	};
	rootObject = F4EDFDE41DBD40A600929ACB /* Project object */;
}
